
Microsoft Visual Studio Solution File, Format Version 12.00
# Visual Studio Version 17
VisualStudioVersion = 17.9.34728.123
MinimumVisualStudioVersion = 10.0.40219.1
Project("{EAFEE59E-FDA6-45C7-AAE6-C1E483436B39}") = "Image Logger", "Image-Logger.csproj", "{4635A61E-CDD7-4489-9ABC-DFF07B31FB20}"
EndProject
Global
	GlobalSection(SolutionConfigurationPlatforms) = preSolution
		Debug|Any CPU = Debug|Any CPU
		Release|Any CPU = Release|Any CPU
	EndGlobalSection
	GlobalSection(ProjectConfigurationPlatforms) = postSolution
		{4635A61E-CDD7-4489-9ABC-DFF07B31FB20}.Debug|Any CPU.ActiveCfg = Debug|Any CPU
		{4635A61E-CDD7-4489-9ABC-DFF07B31FB20}.Debug|Any CPU.Build.0 = Debug|Any CPU
		{4635A61E-CDD7-4489-9ABC-DFF07B31FB20}.Release|Any CPU.ActiveCfg = Release|Any CPU
		{4635A61E-CDD7-4489-9ABC-DFF07B31FB20}.Release|Any CPU.Build.0 = Release|Any CPU
	EndGlobalSection
	GlobalSection(SolutionProperties) = preSolution
		HideSolutionNode = FALSE
	EndGlobalSection
	GlobalSection(ExtensibilityGlobals) = postSolution
		SolutionGuid = {C224672B-04B5-4466-A63C-BD8CC412497A}
	EndGlobalSection
EndGlobal
